
Microsoft Visual Studio Solution File, Format Version 12.00
# Visual Studio Version 17
VisualStudioVersion = 17.8.34330.188
MinimumVisualStudioVersion = 10.0.40219.1
Project("{9A19103F-16F7-4668-BE54-9A1E7A4F7556}") = "ConsoleApp1", "ConsoleApp1\ConsoleApp1.csproj", "{71E269F1-0D29-4F97-9456-BE8CAB06805C}"
EndProject
Project("{9A19103F-16F7-4668-BE54-9A1E7A4F7556}") = "MaindashBoard", "MaindashBoard\MaindashBoard.csproj", "{FE2A01AF-F848-4F5A-90E7-DC1B8494040B}"
EndProject
Global
	GlobalSection(SolutionConfigurationPlatforms) = preSolution
		Debug|Any CPU = Debug|Any CPU
		Release|Any CPU = Release|Any CPU
	EndGlobalSection
	GlobalSection(ProjectConfigurationPlatforms) = postSolution
		{71E269F1-0D29-4F97-9456-BE8CAB06805C}.Debug|Any CPU.ActiveCfg = Debug|Any CPU
		{71E269F1-0D29-4F97-9456-BE8CAB06805C}.Debug|Any CPU.Build.0 = Debug|Any CPU
		{71E269F1-0D29-4F97-9456-BE8CAB06805C}.Release|Any CPU.ActiveCfg = Release|Any CPU
		{71E269F1-0D29-4F97-9456-BE8CAB06805C}.Release|Any CPU.Build.0 = Release|Any CPU
		{FE2A01AF-F848-4F5A-90E7-DC1B8494040B}.Debug|Any CPU.ActiveCfg = Debug|Any CPU
		{FE2A01AF-F848-4F5A-90E7-DC1B8494040B}.Debug|Any CPU.Build.0 = Debug|Any CPU
		{FE2A01AF-F848-4F5A-90E7-DC1B8494040B}.Release|Any CPU.ActiveCfg = Release|Any CPU
		{FE2A01AF-F848-4F5A-90E7-DC1B8494040B}.Release|Any CPU.Build.0 = Release|Any CPU
	EndGlobalSection
	GlobalSection(SolutionProperties) = preSolution
		HideSolutionNode = FALSE
	EndGlobalSection
	GlobalSection(ExtensibilityGlobals) = postSolution
		SolutionGuid = {1094B85E-65D0-4C83-A230-D6735EF65E92}
	EndGlobalSection
EndGlobal
